
Microsoft Visual Studio Solution File, Format Version 12.00
# Visual Studio Version 17
VisualStudioVersion = 17.2.32630.192
MinimumVisualStudioVersion = 10.0.40219.1
Project("{FAE04EC0-301F-11D3-BF4B-00C04F79EFBC}") = "R5T.Z0008.Construction", "R5T.Z0008.Construction\R5T.Z0008.Construction.csproj", "{A3E56941-2808-428B-A5C8-F1DF5A55AE44}"
EndProject
Project("{FAE04EC0-301F-11D3-BF4B-00C04F79EFBC}") = "R5T.Z0008", "R5T.Z0008\R5T.Z0008.csproj", "{55025C94-AAB5-47F4-8732-E5A801A2F9D1}"
EndProject
Project("{2150E333-8FDC-42A3-9474-1A3956D46DE8}") = "_Dependencies", "_Dependencies", "{9F78161A-F96C-43EB-A0AB-706A23A33899}"
EndProject
Project("{9A19103F-16F7-4668-BE54-9A1E7A4F7556}") = "R5T.F0000", "..\..\R5T.F0000\source\R5T.F0000\R5T.F0000.csproj", "{D0222166-A6D8-42A5-9801-EC422D2C3386}"
EndProject
Project("{9A19103F-16F7-4668-BE54-9A1E7A4F7556}") = "R5T.T0131", "..\..\R5T.T0131\source\R5T.T0131\R5T.T0131.csproj", "{0F171723-4995-44C9-A25B-5467C802C72D}"
EndProject
Project("{9A19103F-16F7-4668-BE54-9A1E7A4F7556}") = "R5T.T0132", "..\..\R5T.T0132\source\R5T.T0132\R5T.T0132.csproj", "{936D9C4B-3E0B-42A2-9C3E-F72A3A5E96D8}"
EndProject
Project("{9A19103F-16F7-4668-BE54-9A1E7A4F7556}") = "R5T.T0142", "..\..\R5T.T0142\source\R5T.T0142\R5T.T0142.csproj", "{A840D861-36DC-47EC-9B47-CAD646E8BA0E}"
EndProject
Project("{9A19103F-16F7-4668-BE54-9A1E7A4F7556}") = "R5T.T0143", "..\..\R5T.T0143\source\R5T.T0143\R5T.T0143.csproj", "{E68F5665-B811-4407-9141-A776BD7BD10A}"
EndProject
Project("{9A19103F-16F7-4668-BE54-9A1E7A4F7556}") = "R5T.Y0000", "..\..\R5T.Y0000\source\R5T.Y0000\R5T.Y0000.csproj", "{B46BFC7C-E77F-4917-93FD-8540187465C4}"
EndProject
Project("{9A19103F-16F7-4668-BE54-9A1E7A4F7556}") = "R5T.Z0000", "..\..\R5T.Z0000\source\R5T.Z0000\R5T.Z0000.csproj", "{DEE5DD00-32C6-403F-A42E-3FEDCCC4E2BE}"
EndProject
Project("{9A19103F-16F7-4668-BE54-9A1E7A4F7556}") = "R5T.T0156", "..\..\R5T.T0156\source\R5T.T0156\R5T.T0156.csproj", "{FA6AF10B-4826-417D-86BC-62D60969C3E5}"
EndProject
Project("{9A19103F-16F7-4668-BE54-9A1E7A4F7556}") = "R5T.L0053", "..\..\R5T.L0053\source\R5T.L0053\R5T.L0053.csproj", "{4A6EFE4A-E77C-4ED3-A027-0D6F8A5ABC16}"
EndProject
Project("{9A19103F-16F7-4668-BE54-9A1E7A4F7556}") = "R5T.L0066", "..\..\R5T.L0066\source\R5T.L0066\R5T.L0066.csproj", "{327F50E1-3814-4EC8-845A-50EE5B313F2F}"
EndProject
Project("{9A19103F-16F7-4668-BE54-9A1E7A4F7556}") = "R5T.T0221", "..\..\R5T.T0221\source\R5T.T0221\R5T.T0221.csproj", "{2A2440B3-7EA9-4B77-B902-DE42AB1A8E4D}"
EndProject
Project("{9A19103F-16F7-4668-BE54-9A1E7A4F7556}") = "R5T.Y0006", "..\..\R5T.Y0006\source\R5T.Y0006\R5T.Y0006.csproj", "{2EA245BB-904C-4AA2-A24A-324557B650B6}"
EndProject
Project("{9A19103F-16F7-4668-BE54-9A1E7A4F7556}") = "R5T.Z0010.Platform", "..\..\R5T.Z0010\source\R5T.Z0010.Platform\R5T.Z0010.Platform.csproj", "{0CE9AC9D-C52F-4DBF-9CA3-2060E901004B}"
EndProject
Global
	GlobalSection(NestedProjects) = preSolution
		{D0222166-A6D8-42A5-9801-EC422D2C3386} = {9F78161A-F96C-43EB-A0AB-706A23A33899}
		{0F171723-4995-44C9-A25B-5467C802C72D} = {9F78161A-F96C-43EB-A0AB-706A23A33899}
		{936D9C4B-3E0B-42A2-9C3E-F72A3A5E96D8} = {9F78161A-F96C-43EB-A0AB-706A23A33899}
		{A840D861-36DC-47EC-9B47-CAD646E8BA0E} = {9F78161A-F96C-43EB-A0AB-706A23A33899}
		{E68F5665-B811-4407-9141-A776BD7BD10A} = {9F78161A-F96C-43EB-A0AB-706A23A33899}
		{B46BFC7C-E77F-4917-93FD-8540187465C4} = {9F78161A-F96C-43EB-A0AB-706A23A33899}
		{DEE5DD00-32C6-403F-A42E-3FEDCCC4E2BE} = {9F78161A-F96C-43EB-A0AB-706A23A33899}
		{FA6AF10B-4826-417D-86BC-62D60969C3E5} = {9F78161A-F96C-43EB-A0AB-706A23A33899}
		{4A6EFE4A-E77C-4ED3-A027-0D6F8A5ABC16} = {9F78161A-F96C-43EB-A0AB-706A23A33899}
		{327F50E1-3814-4EC8-845A-50EE5B313F2F} = {9F78161A-F96C-43EB-A0AB-706A23A33899}
		{2A2440B3-7EA9-4B77-B902-DE42AB1A8E4D} = {9F78161A-F96C-43EB-A0AB-706A23A33899}
		{2EA245BB-904C-4AA2-A24A-324557B650B6} = {9F78161A-F96C-43EB-A0AB-706A23A33899}
		{0CE9AC9D-C52F-4DBF-9CA3-2060E901004B} = {9F78161A-F96C-43EB-A0AB-706A23A33899}
	EndGlobalSection
	GlobalSection(SolutionConfigurationPlatforms) = preSolution
		Debug|Any CPU = Debug|Any CPU
		Release|Any CPU = Release|Any CPU
	EndGlobalSection
	GlobalSection(ProjectConfigurationPlatforms) = postSolution
		{A3E56941-2808-428B-A5C8-F1DF5A55AE44}.Debug|Any CPU.ActiveCfg = Debug|Any CPU
		{A3E56941-2808-428B-A5C8-F1DF5A55AE44}.Debug|Any CPU.Build.0 = Debug|Any CPU
		{A3E56941-2808-428B-A5C8-F1DF5A55AE44}.Release|Any CPU.ActiveCfg = Release|Any CPU
		{A3E56941-2808-428B-A5C8-F1DF5A55AE44}.Release|Any CPU.Build.0 = Release|Any CPU
		{55025C94-AAB5-47F4-8732-E5A801A2F9D1}.Debug|Any CPU.ActiveCfg = Debug|Any CPU
		{55025C94-AAB5-47F4-8732-E5A801A2F9D1}.Debug|Any CPU.Build.0 = Debug|Any CPU
		{55025C94-AAB5-47F4-8732-E5A801A2F9D1}.Release|Any CPU.ActiveCfg = Release|Any CPU
		{55025C94-AAB5-47F4-8732-E5A801A2F9D1}.Release|Any CPU.Build.0 = Release|Any CPU
		{D0222166-A6D8-42A5-9801-EC422D2C3386}.Debug|Any CPU.ActiveCfg = Debug|Any CPU
		{D0222166-A6D8-42A5-9801-EC422D2C3386}.Debug|Any CPU.Build.0 = Debug|Any CPU
		{D0222166-A6D8-42A5-9801-EC422D2C3386}.Release|Any CPU.ActiveCfg = Release|Any CPU
		{D0222166-A6D8-42A5-9801-EC422D2C3386}.Release|Any CPU.Build.0 = Release|Any CPU
		{0F171723-4995-44C9-A25B-5467C802C72D}.Debug|Any CPU.ActiveCfg = Debug|Any CPU
		{0F171723-4995-44C9-A25B-5467C802C72D}.Debug|Any CPU.Build.0 = Debug|Any CPU
		{0F171723-4995-44C9-A25B-5467C802C72D}.Release|Any CPU.ActiveCfg = Release|Any CPU
		{0F171723-4995-44C9-A25B-5467C802C72D}.Release|Any CPU.Build.0 = Release|Any CPU
		{936D9C4B-3E0B-42A2-9C3E-F72A3A5E96D8}.Debug|Any CPU.ActiveCfg = Debug|Any CPU
		{936D9C4B-3E0B-42A2-9C3E-F72A3A5E96D8}.Debug|Any CPU.Build.0 = Debug|Any CPU
		{936D9C4B-3E0B-42A2-9C3E-F72A3A5E96D8}.Release|Any CPU.ActiveCfg = Release|Any CPU
		{936D9C4B-3E0B-42A2-9C3E-F72A3A5E96D8}.Release|Any CPU.Build.0 = Release|Any CPU
		{A840D861-36DC-47EC-9B47-CAD646E8BA0E}.Debug|Any CPU.ActiveCfg = Debug|Any CPU
		{A840D861-36DC-47EC-9B47-CAD646E8BA0E}.Debug|Any CPU.Build.0 = Debug|Any CPU
		{A840D861-36DC-47EC-9B47-CAD646E8BA0E}.Release|Any CPU.ActiveCfg = Release|Any CPU
		{A840D861-36DC-47EC-9B47-CAD646E8BA0E}.Release|Any CPU.Build.0 = Release|Any CPU
		{E68F5665-B811-4407-9141-A776BD7BD10A}.Debug|Any CPU.ActiveCfg = Debug|Any CPU
		{E68F5665-B811-4407-9141-A776BD7BD10A}.Debug|Any CPU.Build.0 = Debug|Any CPU
		{E68F5665-B811-4407-9141-A776BD7BD10A}.Release|Any CPU.ActiveCfg = Release|Any CPU
		{E68F5665-B811-4407-9141-A776BD7BD10A}.Release|Any CPU.Build.0 = Release|Any CPU
		{B46BFC7C-E77F-4917-93FD-8540187465C4}.Debug|Any CPU.ActiveCfg = Debug|Any CPU
		{B46BFC7C-E77F-4917-93FD-8540187465C4}.Debug|Any CPU.Build.0 = Debug|Any CPU
		{B46BFC7C-E77F-4917-93FD-8540187465C4}.Release|Any CPU.ActiveCfg = Release|Any CPU
		{B46BFC7C-E77F-4917-93FD-8540187465C4}.Release|Any CPU.Build.0 = Release|Any CPU
		{DEE5DD00-32C6-403F-A42E-3FEDCCC4E2BE}.Debug|Any CPU.ActiveCfg = Debug|Any CPU
		{DEE5DD00-32C6-403F-A42E-3FEDCCC4E2BE}.Debug|Any CPU.Build.0 = Debug|Any CPU
		{DEE5DD00-32C6-403F-A42E-3FEDCCC4E2BE}.Release|Any CPU.ActiveCfg = Release|Any CPU
		{DEE5DD00-32C6-403F-A42E-3FEDCCC4E2BE}.Release|Any CPU.Build.0 = Release|Any CPU
		{FA6AF10B-4826-417D-86BC-62D60969C3E5}.Debug|Any CPU.ActiveCfg = Debug|Any CPU
		{FA6AF10B-4826-417D-86BC-62D60969C3E5}.Debug|Any CPU.Build.0 = Debug|Any CPU
		{FA6AF10B-4826-417D-86BC-62D60969C3E5}.Release|Any CPU.ActiveCfg = Release|Any CPU
		{FA6AF10B-4826-417D-86BC-62D60969C3E5}.Release|Any CPU.Build.0 = Release|Any CPU
		{4A6EFE4A-E77C-4ED3-A027-0D6F8A5ABC16}.Debug|Any CPU.ActiveCfg = Debug|Any CPU
		{4A6EFE4A-E77C-4ED3-A027-0D6F8A5ABC16}.Debug|Any CPU.Build.0 = Debug|Any CPU
		{4A6EFE4A-E77C-4ED3-A027-0D6F8A5ABC16}.Release|Any CPU.ActiveCfg = Release|Any CPU
		{4A6EFE4A-E77C-4ED3-A027-0D6F8A5ABC16}.Release|Any CPU.Build.0 = Release|Any CPU
		{327F50E1-3814-4EC8-845A-50EE5B313F2F}.Debug|Any CPU.ActiveCfg = Debug|Any CPU
		{327F50E1-3814-4EC8-845A-50EE5B313F2F}.Debug|Any CPU.Build.0 = Debug|Any CPU
		{327F50E1-3814-4EC8-845A-50EE5B313F2F}.Release|Any CPU.ActiveCfg = Release|Any CPU
		{327F50E1-3814-4EC8-845A-50EE5B313F2F}.Release|Any CPU.Build.0 = Release|Any CPU
		{2A2440B3-7EA9-4B77-B902-DE42AB1A8E4D}.Debug|Any CPU.ActiveCfg = Debug|Any CPU
		{2A2440B3-7EA9-4B77-B902-DE42AB1A8E4D}.Debug|Any CPU.Build.0 = Debug|Any CPU
		{2A2440B3-7EA9-4B77-B902-DE42AB1A8E4D}.Release|Any CPU.ActiveCfg = Release|Any CPU
		{2A2440B3-7EA9-4B77-B902-DE42AB1A8E4D}.Release|Any CPU.Build.0 = Release|Any CPU
		{2EA245BB-904C-4AA2-A24A-324557B650B6}.Debug|Any CPU.ActiveCfg = Debug|Any CPU
		{2EA245BB-904C-4AA2-A24A-324557B650B6}.Debug|Any CPU.Build.0 = Debug|Any CPU
		{2EA245BB-904C-4AA2-A24A-324557B650B6}.Release|Any CPU.ActiveCfg = Release|Any CPU
		{2EA245BB-904C-4AA2-A24A-324557B650B6}.Release|Any CPU.Build.0 = Release|Any CPU
		{0CE9AC9D-C52F-4DBF-9CA3-2060E901004B}.Debug|Any CPU.ActiveCfg = Debug|Any CPU
		{0CE9AC9D-C52F-4DBF-9CA3-2060E901004B}.Debug|Any CPU.Build.0 = Debug|Any CPU
		{0CE9AC9D-C52F-4DBF-9CA3-2060E901004B}.Release|Any CPU.ActiveCfg = Release|Any CPU
		{0CE9AC9D-C52F-4DBF-9CA3-2060E901004B}.Release|Any CPU.Build.0 = Release|Any CPU
	EndGlobalSection
	GlobalSection(SolutionProperties) = preSolution
		HideSolutionNode = FALSE
	EndGlobalSection
EndGlobal
