
Microsoft Visual Studio Solution File, Format Version 12.00
# Visual Studio Version 16
VisualStudioVersion = 16.0.30114.105
MinimumVisualStudioVersion = 10.0.40219.1
Project("{9A19103F-16F7-4668-BE54-9A1E7A4F7556}") = "R5T.Z0008", "R5T.Z0008\R5T.Z0008.csproj", "{6A2173F9-F0E5-4207-BAAC-FD57C2EB24B8}"
EndProject
Project("{2150E333-8FDC-42A3-9474-1A3956D46DE8}") = "_Dependencies", "_Dependencies", "{E20670F4-4F35-403E-8F6D-144AC726C1EE}"
EndProject
Project("{9A19103F-16F7-4668-BE54-9A1E7A4F7556}") = "R5T.T0131", "..\..\R5T.T0131\source\R5T.T0131\R5T.T0131.csproj", "{1A0B694C-DC78-4FA2-9B09-FDB079F7FD71}"
EndProject
Project("{9A19103F-16F7-4668-BE54-9A1E7A4F7556}") = "R5T.Magyar", "..\..\R5T.Magyar\source\R5T.Magyar\R5T.Magyar.csproj", "{9D6C798D-40E2-4ED9-B788-652B8A3F9E3F}"
EndProject
Global
	GlobalSection(SolutionConfigurationPlatforms) = preSolution
		Debug|Any CPU = Debug|Any CPU
		Release|Any CPU = Release|Any CPU
	EndGlobalSection
	GlobalSection(ProjectConfigurationPlatforms) = postSolution
		{6A2173F9-F0E5-4207-BAAC-FD57C2EB24B8}.Debug|Any CPU.ActiveCfg = Debug|Any CPU
		{6A2173F9-F0E5-4207-BAAC-FD57C2EB24B8}.Debug|Any CPU.Build.0 = Debug|Any CPU
		{6A2173F9-F0E5-4207-BAAC-FD57C2EB24B8}.Release|Any CPU.ActiveCfg = Release|Any CPU
		{6A2173F9-F0E5-4207-BAAC-FD57C2EB24B8}.Release|Any CPU.Build.0 = Release|Any CPU
		{1A0B694C-DC78-4FA2-9B09-FDB079F7FD71}.Debug|Any CPU.ActiveCfg = Debug|Any CPU
		{1A0B694C-DC78-4FA2-9B09-FDB079F7FD71}.Debug|Any CPU.Build.0 = Debug|Any CPU
		{1A0B694C-DC78-4FA2-9B09-FDB079F7FD71}.Release|Any CPU.ActiveCfg = Release|Any CPU
		{1A0B694C-DC78-4FA2-9B09-FDB079F7FD71}.Release|Any CPU.Build.0 = Release|Any CPU
		{9D6C798D-40E2-4ED9-B788-652B8A3F9E3F}.Debug|Any CPU.ActiveCfg = Debug|Any CPU
		{9D6C798D-40E2-4ED9-B788-652B8A3F9E3F}.Debug|Any CPU.Build.0 = Debug|Any CPU
		{9D6C798D-40E2-4ED9-B788-652B8A3F9E3F}.Release|Any CPU.ActiveCfg = Release|Any CPU
		{9D6C798D-40E2-4ED9-B788-652B8A3F9E3F}.Release|Any CPU.Build.0 = Release|Any CPU
	EndGlobalSection
	GlobalSection(SolutionProperties) = preSolution
		HideSolutionNode = FALSE
	EndGlobalSection
	GlobalSection(NestedProjects) = preSolution
		{1A0B694C-DC78-4FA2-9B09-FDB079F7FD71} = {E20670F4-4F35-403E-8F6D-144AC726C1EE}
		{9D6C798D-40E2-4ED9-B788-652B8A3F9E3F} = {E20670F4-4F35-403E-8F6D-144AC726C1EE}
	EndGlobalSection
	GlobalSection(ExtensibilityGlobals) = postSolution
		SolutionGuid = {A07E10CA-E1DF-4133-8425-695FC57357AC}
	EndGlobalSection
EndGlobal
