
Microsoft Visual Studio Solution File, Format Version 12.00
# Visual Studio Version 17
VisualStudioVersion = 17.2.32630.192
MinimumVisualStudioVersion = 10.0.40219.1
Project("{9A19103F-16F7-4668-BE54-9A1E7A4F7556}") = "R5T.Z0008", "R5T.Z0008\R5T.Z0008.csproj", "{6A2173F9-F0E5-4207-BAAC-FD57C2EB24B8}"
EndProject
Project("{2150E333-8FDC-42A3-9474-1A3956D46DE8}") = "_Dependencies", "_Dependencies", "{E20670F4-4F35-403E-8F6D-144AC726C1EE}"
EndProject
Project("{9A19103F-16F7-4668-BE54-9A1E7A4F7556}") = "R5T.T0131", "..\..\R5T.T0131\source\R5T.T0131\R5T.T0131.csproj", "{1A0B694C-DC78-4FA2-9B09-FDB079F7FD71}"
EndProject
Project("{9A19103F-16F7-4668-BE54-9A1E7A4F7556}") = "R5T.F0000", "..\..\R5T.F0000\source\R5T.F0000\R5T.F0000.csproj", "{37CD8AD4-3E39-4C61-8166-83CA8C9BCDD2}"
EndProject
Project("{9A19103F-16F7-4668-BE54-9A1E7A4F7556}") = "R5T.T0132", "..\..\R5T.T0132\source\R5T.T0132\R5T.T0132.csproj", "{24AEA84E-ADAE-45E9-8861-F40568736EEA}"
EndProject
Project("{9A19103F-16F7-4668-BE54-9A1E7A4F7556}") = "R5T.T0142", "..\..\R5T.T0142\source\R5T.T0142\R5T.T0142.csproj", "{84B959B5-FB17-461C-B69B-284D4D07C38D}"
EndProject
Project("{9A19103F-16F7-4668-BE54-9A1E7A4F7556}") = "R5T.T0143", "..\..\R5T.T0143\source\R5T.T0143\R5T.T0143.csproj", "{979E1A06-43C4-42DF-8DE2-050BDA4F1C4E}"
EndProject
Project("{9A19103F-16F7-4668-BE54-9A1E7A4F7556}") = "R5T.Y0000", "..\..\R5T.Y0000\source\R5T.Y0000\R5T.Y0000.csproj", "{DC6F76D3-397D-4FB9-8629-3A7E0720EF1F}"
EndProject
Project("{9A19103F-16F7-4668-BE54-9A1E7A4F7556}") = "R5T.Z0000", "..\..\R5T.Z0000\source\R5T.Z0000\R5T.Z0000.csproj", "{D3EAE257-2354-415A-B972-35DDBA375332}"
EndProject
Project("{9A19103F-16F7-4668-BE54-9A1E7A4F7556}") = "R5T.T0156", "..\..\R5T.T0156\source\R5T.T0156\R5T.T0156.csproj", "{50EF75D7-6F71-4584-9DA1-E3A1E99C66FB}"
EndProject
Global
	GlobalSection(NestedProjects) = preSolution
		{1A0B694C-DC78-4FA2-9B09-FDB079F7FD71} = {E20670F4-4F35-403E-8F6D-144AC726C1EE}
		{37CD8AD4-3E39-4C61-8166-83CA8C9BCDD2} = {E20670F4-4F35-403E-8F6D-144AC726C1EE}
		{24AEA84E-ADAE-45E9-8861-F40568736EEA} = {E20670F4-4F35-403E-8F6D-144AC726C1EE}
		{84B959B5-FB17-461C-B69B-284D4D07C38D} = {E20670F4-4F35-403E-8F6D-144AC726C1EE}
		{979E1A06-43C4-42DF-8DE2-050BDA4F1C4E} = {E20670F4-4F35-403E-8F6D-144AC726C1EE}
		{DC6F76D3-397D-4FB9-8629-3A7E0720EF1F} = {E20670F4-4F35-403E-8F6D-144AC726C1EE}
		{D3EAE257-2354-415A-B972-35DDBA375332} = {E20670F4-4F35-403E-8F6D-144AC726C1EE}
		{50EF75D7-6F71-4584-9DA1-E3A1E99C66FB} = {E20670F4-4F35-403E-8F6D-144AC726C1EE}
	EndGlobalSection
	GlobalSection(SolutionConfigurationPlatforms) = preSolution
		Debug|Any CPU = Debug|Any CPU
		Release|Any CPU = Release|Any CPU
	EndGlobalSection
	GlobalSection(ProjectConfigurationPlatforms) = postSolution
		{6A2173F9-F0E5-4207-BAAC-FD57C2EB24B8}.Debug|Any CPU.ActiveCfg = Debug|Any CPU
		{6A2173F9-F0E5-4207-BAAC-FD57C2EB24B8}.Debug|Any CPU.Build.0 = Debug|Any CPU
		{6A2173F9-F0E5-4207-BAAC-FD57C2EB24B8}.Release|Any CPU.ActiveCfg = Release|Any CPU
		{6A2173F9-F0E5-4207-BAAC-FD57C2EB24B8}.Release|Any CPU.Build.0 = Release|Any CPU
		{1A0B694C-DC78-4FA2-9B09-FDB079F7FD71}.Debug|Any CPU.ActiveCfg = Debug|Any CPU
		{1A0B694C-DC78-4FA2-9B09-FDB079F7FD71}.Debug|Any CPU.Build.0 = Debug|Any CPU
		{1A0B694C-DC78-4FA2-9B09-FDB079F7FD71}.Release|Any CPU.ActiveCfg = Release|Any CPU
		{1A0B694C-DC78-4FA2-9B09-FDB079F7FD71}.Release|Any CPU.Build.0 = Release|Any CPU
		{37CD8AD4-3E39-4C61-8166-83CA8C9BCDD2}.Debug|Any CPU.ActiveCfg = Debug|Any CPU
		{37CD8AD4-3E39-4C61-8166-83CA8C9BCDD2}.Debug|Any CPU.Build.0 = Debug|Any CPU
		{37CD8AD4-3E39-4C61-8166-83CA8C9BCDD2}.Release|Any CPU.ActiveCfg = Release|Any CPU
		{37CD8AD4-3E39-4C61-8166-83CA8C9BCDD2}.Release|Any CPU.Build.0 = Release|Any CPU
		{24AEA84E-ADAE-45E9-8861-F40568736EEA}.Debug|Any CPU.ActiveCfg = Debug|Any CPU
		{24AEA84E-ADAE-45E9-8861-F40568736EEA}.Debug|Any CPU.Build.0 = Debug|Any CPU
		{24AEA84E-ADAE-45E9-8861-F40568736EEA}.Release|Any CPU.ActiveCfg = Release|Any CPU
		{24AEA84E-ADAE-45E9-8861-F40568736EEA}.Release|Any CPU.Build.0 = Release|Any CPU
		{84B959B5-FB17-461C-B69B-284D4D07C38D}.Debug|Any CPU.ActiveCfg = Debug|Any CPU
		{84B959B5-FB17-461C-B69B-284D4D07C38D}.Debug|Any CPU.Build.0 = Debug|Any CPU
		{84B959B5-FB17-461C-B69B-284D4D07C38D}.Release|Any CPU.ActiveCfg = Release|Any CPU
		{84B959B5-FB17-461C-B69B-284D4D07C38D}.Release|Any CPU.Build.0 = Release|Any CPU
		{979E1A06-43C4-42DF-8DE2-050BDA4F1C4E}.Debug|Any CPU.ActiveCfg = Debug|Any CPU
		{979E1A06-43C4-42DF-8DE2-050BDA4F1C4E}.Debug|Any CPU.Build.0 = Debug|Any CPU
		{979E1A06-43C4-42DF-8DE2-050BDA4F1C4E}.Release|Any CPU.ActiveCfg = Release|Any CPU
		{979E1A06-43C4-42DF-8DE2-050BDA4F1C4E}.Release|Any CPU.Build.0 = Release|Any CPU
		{DC6F76D3-397D-4FB9-8629-3A7E0720EF1F}.Debug|Any CPU.ActiveCfg = Debug|Any CPU
		{DC6F76D3-397D-4FB9-8629-3A7E0720EF1F}.Debug|Any CPU.Build.0 = Debug|Any CPU
		{DC6F76D3-397D-4FB9-8629-3A7E0720EF1F}.Release|Any CPU.ActiveCfg = Release|Any CPU
		{DC6F76D3-397D-4FB9-8629-3A7E0720EF1F}.Release|Any CPU.Build.0 = Release|Any CPU
		{D3EAE257-2354-415A-B972-35DDBA375332}.Debug|Any CPU.ActiveCfg = Debug|Any CPU
		{D3EAE257-2354-415A-B972-35DDBA375332}.Debug|Any CPU.Build.0 = Debug|Any CPU
		{D3EAE257-2354-415A-B972-35DDBA375332}.Release|Any CPU.ActiveCfg = Release|Any CPU
		{D3EAE257-2354-415A-B972-35DDBA375332}.Release|Any CPU.Build.0 = Release|Any CPU
		{50EF75D7-6F71-4584-9DA1-E3A1E99C66FB}.Debug|Any CPU.ActiveCfg = Debug|Any CPU
		{50EF75D7-6F71-4584-9DA1-E3A1E99C66FB}.Debug|Any CPU.Build.0 = Debug|Any CPU
		{50EF75D7-6F71-4584-9DA1-E3A1E99C66FB}.Release|Any CPU.ActiveCfg = Release|Any CPU
		{50EF75D7-6F71-4584-9DA1-E3A1E99C66FB}.Release|Any CPU.Build.0 = Release|Any CPU
	EndGlobalSection
	GlobalSection(SolutionProperties) = preSolution
		HideSolutionNode = FALSE
	EndGlobalSection
	GlobalSection(ExtensibilityGlobals) = postSolution
		SolutionGuid = {A07E10CA-E1DF-4133-8425-695FC57357AC}
	EndGlobalSection
EndGlobal
